
Microsoft Visual Studio Solution File, Format Version 12.00
# Visual Studio Version 16
VisualStudioVersion = 16.0.31402.337
MinimumVisualStudioVersion = 10.0.40219.1
Project("{8BC9CEB8-8B4A-11D0-8D11-00A0C91BC942}") = "210721", "210721\210721.vcxproj", "{DCFBEA44-BC7B-47DA-B23D-3A7B70E64036}"
EndProject
Global
	GlobalSection(SolutionConfigurationPlatforms) = preSolution
		Debug|x64 = Debug|x64
		Debug|x86 = Debug|x86
		Release|x64 = Release|x64
		Release|x86 = Release|x86
	EndGlobalSection
	GlobalSection(ProjectConfigurationPlatforms) = postSolution
		{DCFBEA44-BC7B-47DA-B23D-3A7B70E64036}.Debug|x64.ActiveCfg = Debug|x64
		{DCFBEA44-BC7B-47DA-B23D-3A7B70E64036}.Debug|x64.Build.0 = Debug|x64
		{DCFBEA44-BC7B-47DA-B23D-3A7B70E64036}.Debug|x86.ActiveCfg = Debug|Win32
		{DCFBEA44-BC7B-47DA-B23D-3A7B70E64036}.Debug|x86.Build.0 = Debug|Win32
		{DCFBEA44-BC7B-47DA-B23D-3A7B70E64036}.Release|x64.ActiveCfg = Release|x64
		{DCFBEA44-BC7B-47DA-B23D-3A7B70E64036}.Release|x64.Build.0 = Release|x64
		{DCFBEA44-BC7B-47DA-B23D-3A7B70E64036}.Release|x86.ActiveCfg = Release|Win32
		{DCFBEA44-BC7B-47DA-B23D-3A7B70E64036}.Release|x86.Build.0 = Release|Win32
	EndGlobalSection
	GlobalSection(SolutionProperties) = preSolution
		HideSolutionNode = FALSE
	EndGlobalSection
	GlobalSection(ExtensibilityGlobals) = postSolution
		SolutionGuid = {3876DFEF-29A7-4E47-AB4D-CBB3F6D20101}
	EndGlobalSection
EndGlobal
